
Microsoft Visual Studio Solution File, Format Version 12.00
# Visual Studio 14
VisualStudioVersion = 14.0.25420.1
MinimumVisualStudioVersion = 10.0.40219.1
Project("{FAE04EC0-301F-11D3-BF4B-00C04F79EFBC}") = "ShadowverseLangPatch", "ShadowverseLangPatch\ShadowverseLangPatch.csproj", "{3B31C896-B007-427D-BFA0-F8155A8E2CF2}"
	ProjectSection(ProjectDependencies) = postProject
		{8EA1A257-9ED5-4135-9D1D-E32D1C0765E4} = {8EA1A257-9ED5-4135-9D1D-E32D1C0765E4}
		{A59573B0-F016-414F-A760-E34B09FE08CC} = {A59573B0-F016-414F-A760-E34B09FE08CC}
	EndProjectSection
EndProject
Project("{FAE04EC0-301F-11D3-BF4B-00C04F79EFBC}") = "Chs", "Chs\Chs.csproj", "{8EA1A257-9ED5-4135-9D1D-E32D1C0765E4}"
EndProject
Project("{FAE04EC0-301F-11D3-BF4B-00C04F79EFBC}") = "Cht", "Cht\Cht.csproj", "{A59573B0-F016-414F-A760-E34B09FE08CC}"
EndProject
Global
	GlobalSection(SolutionConfigurationPlatforms) = preSolution
		Debug|Any CPU = Debug|Any CPU
		Release|Any CPU = Release|Any CPU
	EndGlobalSection
	GlobalSection(ProjectConfigurationPlatforms) = postSolution
		{3B31C896-B007-427D-BFA0-F8155A8E2CF2}.Debug|Any CPU.ActiveCfg = Debug|Any CPU
		{3B31C896-B007-427D-BFA0-F8155A8E2CF2}.Debug|Any CPU.Build.0 = Debug|Any CPU
		{3B31C896-B007-427D-BFA0-F8155A8E2CF2}.Release|Any CPU.ActiveCfg = Release|Any CPU
		{3B31C896-B007-427D-BFA0-F8155A8E2CF2}.Release|Any CPU.Build.0 = Release|Any CPU
		{8EA1A257-9ED5-4135-9D1D-E32D1C0765E4}.Debug|Any CPU.ActiveCfg = Debug|Any CPU
		{8EA1A257-9ED5-4135-9D1D-E32D1C0765E4}.Debug|Any CPU.Build.0 = Debug|Any CPU
		{8EA1A257-9ED5-4135-9D1D-E32D1C0765E4}.Release|Any CPU.ActiveCfg = Release|Any CPU
		{8EA1A257-9ED5-4135-9D1D-E32D1C0765E4}.Release|Any CPU.Build.0 = Release|Any CPU
		{A59573B0-F016-414F-A760-E34B09FE08CC}.Debug|Any CPU.ActiveCfg = Debug|Any CPU
		{A59573B0-F016-414F-A760-E34B09FE08CC}.Debug|Any CPU.Build.0 = Debug|Any CPU
		{A59573B0-F016-414F-A760-E34B09FE08CC}.Release|Any CPU.ActiveCfg = Release|Any CPU
		{A59573B0-F016-414F-A760-E34B09FE08CC}.Release|Any CPU.Build.0 = Release|Any CPU
	EndGlobalSection
	GlobalSection(SolutionProperties) = preSolution
		HideSolutionNode = FALSE
	EndGlobalSection
EndGlobal
